
Microsoft Visual Studio Solution File, Format Version 12.00
# Visual Studio Version 17
VisualStudioVersion = 17.10.35122.118
MinimumVisualStudioVersion = 10.0.40219.1
Project("{FAE04EC0-301F-11D3-BF4B-00C04F79EFBC}") = "FirstAndroidApp", "FirstAndroidApp\FirstAndroidApp.csproj", "{5FB84C0C-BF34-4E56-99F5-4EB7FE4D0B6F}"
EndProject
Global
	GlobalSection(SolutionConfigurationPlatforms) = preSolution
		Debug|Any CPU = Debug|Any CPU
		Release|Any CPU = Release|Any CPU
	EndGlobalSection
	GlobalSection(ProjectConfigurationPlatforms) = postSolution
		{5FB84C0C-BF34-4E56-99F5-4EB7FE4D0B6F}.Debug|Any CPU.ActiveCfg = Debug|Any CPU
		{5FB84C0C-BF34-4E56-99F5-4EB7FE4D0B6F}.Debug|Any CPU.Build.0 = Debug|Any CPU
		{5FB84C0C-BF34-4E56-99F5-4EB7FE4D0B6F}.Debug|Any CPU.Deploy.0 = Debug|Any CPU
		{5FB84C0C-BF34-4E56-99F5-4EB7FE4D0B6F}.Release|Any CPU.ActiveCfg = Release|Any CPU
		{5FB84C0C-BF34-4E56-99F5-4EB7FE4D0B6F}.Release|Any CPU.Build.0 = Release|Any CPU
		{5FB84C0C-BF34-4E56-99F5-4EB7FE4D0B6F}.Release|Any CPU.Deploy.0 = Release|Any CPU
	EndGlobalSection
	GlobalSection(SolutionProperties) = preSolution
		HideSolutionNode = FALSE
	EndGlobalSection
	GlobalSection(ExtensibilityGlobals) = postSolution
		SolutionGuid = {DE853D31-5A72-4724-829C-CFB57406DC56}
	EndGlobalSection
EndGlobal
